{
  "name": "schedule",
  "version": "1.0.0",
  "lockfileVersion": 1,
  "dependencies": {
    "@types/node": {
      "version": "6.0.85",
      "resolved": "http://snpm.cnsuning.com/@types%2fnode/-/node-6.0.85.tgz",
      "integrity": "sha1-7AK/5UphBE8r5E8Ts4nGoOjuBa4="
    },
    "addressparser": {
      "version": "1.0.1",
      "resolved": "http://snpm.cnsuning.com/addressparser/-/addressparser-1.0.1.tgz",
      "integrity": "sha1-R6++GiqSYhkdtoOOT9HTm0CCF0Y=",
      "optional": true
    },
    "ajv": {
      "version": "4.11.8",
      "resolved": "http://snpm.cnsuning.com/ajv/-/ajv-4.11.8.tgz",
      "integrity": "sha1-gv+wKynmYq5TvcIK8VlHcGc5xTY="
    },
    "asn1": {
      "version": "0.2.3",
      "resolved": "http://snpm.cnsuning.com/asn1/-/asn1-0.2.3.tgz",
      "integrity": "sha1-2sh4dxPJlmhJ/IGAd36+nB3fO4Y="
    },
    "assert-plus": {
      "version": "0.2.0",
      "resolved": "http://snpm.cnsuning.com/assert-plus/-/assert-plus-0.2.0.tgz",
      "integrity": "sha1-104bh+ev/A24qttwIfP+SBAasjQ="
    },
    "asynckit": {
      "version": "0.4.0",
      "resolved": "http://snpm.cnsuning.com/asynckit/-/asynckit-0.4.0.tgz",
      "integrity": "sha1-x57Zf380y48robyXkLzDZkdLS3k="
    },
    "aws-sign2": {
      "version": "0.6.0",
      "resolved": "http://snpm.cnsuning.com/aws-sign2/-/aws-sign2-0.6.0.tgz",
      "integrity": "sha1-FDQt0428yU0OW4fXY81jYSwOeU8="
    },
    "aws4": {
      "version": "1.6.0",
      "resolved": "http://snpm.cnsuning.com/aws4/-/aws4-1.6.0.tgz",
      "integrity": "sha1-g+9cqGCysy5KDe7e6MdxudtXRx4="
    },
    "bcrypt-pbkdf": {
      "version": "1.0.1",
      "resolved": "http://snpm.cnsuning.com/bcrypt-pbkdf/-/bcrypt-pbkdf-1.0.1.tgz",
      "integrity": "sha1-Y7xdy2EzG5K8Bf1SiVPDNGKgb40=",
      "optional": true
    },
    "boolbase": {
      "version": "1.0.0",
      "resolved": "http://snpm.cnsuning.com/boolbase/-/boolbase-1.0.0.tgz",
      "integrity": "sha1-aN/1++YMUes3cl6p4+0xDcwed24="
    },
    "boom": {
      "version": "2.10.1",
      "resolved": "http://snpm.cnsuning.com/boom/-/boom-2.10.1.tgz",
      "integrity": "sha1-OciRjO/1eZ+D+UkqhI9iWt0Mdm8="
    },
    "buildmail": {
      "version": "4.0.1",
      "resolved": "http://snpm.cnsuning.com/buildmail/-/buildmail-4.0.1.tgz",
      "integrity": "sha1-h393OLeHKYccmhBeO4N9K+EaenI=",
      "optional": true
    },
    "caseless": {
      "version": "0.12.0",
      "resolved": "http://snpm.cnsuning.com/caseless/-/caseless-0.12.0.tgz",
      "integrity": "sha1-G2gcIf+EAzyCZUMJBolCDRhxUdw="
    },
    "cheerio": {
      "version": "1.0.0-rc.2",
      "resolved": "http://snpm.cnsuning.com/cheerio/-/cheerio-1.0.0-rc.2.tgz",
      "integrity": "sha1-S59TqBsn5NXawxwP/Qz6A8xoMNs="
    },
    "co": {
      "version": "4.6.0",
      "resolved": "http://snpm.cnsuning.com/co/-/co-4.6.0.tgz",
      "integrity": "sha1-bqa989hTrlTMuOR7+gvz+QMfsYQ="
    },
    "combined-stream": {
      "version": "1.0.5",
      "resolved": "http://snpm.cnsuning.com/combined-stream/-/combined-stream-1.0.5.tgz",
      "integrity": "sha1-k4NwpXtKUd6ix3wV1cX9+JUWQAk="
    },
    "core-util-is": {
      "version": "1.0.2",
      "resolved": "http://snpm.cnsuning.com/core-util-is/-/core-util-is-1.0.2.tgz",
      "integrity": "sha1-tf1UIgqivFq1eqtxQMlAdUUDwac="
    },
    "cron-parser": {
      "version": "2.4.1",
      "resolved": "http://snpm.cnsuning.com/cron-parser/-/cron-parser-2.4.1.tgz",
      "integrity": "sha1-Aivvzhryk+TTFE/wTCy9LttJEnE="
    },
    "cryptiles": {
      "version": "2.0.5",
      "resolved": "http://snpm.cnsuning.com/cryptiles/-/cryptiles-2.0.5.tgz",
      "integrity": "sha1-O9/s3GCBR8HGcgL6KR59ylnqo7g="
    },
    "css-select": {
      "version": "1.2.0",
      "resolved": "http://snpm.cnsuning.com/css-select/-/css-select-1.2.0.tgz",
      "integrity": "sha1-KzoRBTnFNV8c2NMUYj6HCxIeyFg="
    },
    "css-what": {
      "version": "2.1.0",
      "resolved": "http://snpm.cnsuning.com/css-what/-/css-what-2.1.0.tgz",
      "integrity": "sha1-lGfQMsOM+u+58teVASUwYvh/ob0="
    },
    "dashdash": {
      "version": "1.14.1",
      "resolved": "http://snpm.cnsuning.com/dashdash/-/dashdash-1.14.1.tgz",
      "integrity": "sha1-hTz6D3y+L+1d4gMmuN1YEDX24vA=",
      "dependencies": {
        "assert-plus": {
          "version": "1.0.0",
          "resolved": "http://snpm.cnsuning.com/assert-plus/-/assert-plus-1.0.0.tgz",
          "integrity": "sha1-8S4PPF13sLHN2RRpQuTpbB5N1SU="
        }
      }
    },
    "date-format": {
      "version": "1.1.0",
      "resolved": "http://snpm.cnsuning.com/date-format/-/date-format-1.1.0.tgz",
      "integrity": "sha1-vn32jsJw/Z7HhIK9hb5oyPuPvrw="
    },
    "debug": {
      "version": "2.6.8",
      "resolved": "http://snpm.cnsuning.com/debug/-/debug-2.6.8.tgz",
      "integrity": "sha1-5zFTHKLt4n0YgiJCfaF4IdaP9Pw="
    },
    "define-properties": {
      "version": "1.1.2",
      "resolved": "http://snpm.cnsuning.com/define-properties/-/define-properties-1.1.2.tgz",
      "integrity": "sha1-g6c/L+pWmJj7c3GTyPhzyvbUXJQ="
    },
    "delayed-stream": {
      "version": "1.0.0",
      "resolved": "http://snpm.cnsuning.com/delayed-stream/-/delayed-stream-1.0.0.tgz",
      "integrity": "sha1-3zrhmayt+31ECqrgsp4icrJOxhk="
    },
    "dom-serializer": {
      "version": "0.1.0",
      "resolved": "http://snpm.cnsuning.com/dom-serializer/-/dom-serializer-0.1.0.tgz",
      "integrity": "sha1-BzxpdUbOB4DOI75KKOKT5AvDDII=",
      "dependencies": {
        "domelementtype": {
          "version": "1.1.3",
          "resolved": "http://snpm.cnsuning.com/domelementtype/-/domelementtype-1.1.3.tgz",
          "integrity": "sha1-vSh3PiZCiBrsUVRJJCmcXNgiGFs="
        }
      }
    },
    "domelementtype": {
      "version": "1.3.0",
      "resolved": "http://snpm.cnsuning.com/domelementtype/-/domelementtype-1.3.0.tgz",
      "integrity": "sha1-sXrtguirWeUt2cGbF1bg/BhyBMI="
    },
    "domhandler": {
      "version": "2.4.1",
      "resolved": "http://snpm.cnsuning.com/domhandler/-/domhandler-2.4.1.tgz",
      "integrity": "sha1-iS5HAAqZvlW783dP/qBWHYh5wlk="
    },
    "domutils": {
      "version": "1.5.1",
      "resolved": "http://snpm.cnsuning.com/domutils/-/domutils-1.5.1.tgz",
      "integrity": "sha1-3NhIiib1Y9YQeeSMn3t+Mjc2gs8="
    },
    "ecc-jsbn": {
      "version": "0.1.1",
      "resolved": "http://snpm.cnsuning.com/ecc-jsbn/-/ecc-jsbn-0.1.1.tgz",
      "integrity": "sha1-D8c6ntXw1Tw4GTOYUj735UN3dQU=",
      "optional": true
    },
    "entities": {
      "version": "1.1.1",
      "resolved": "http://snpm.cnsuning.com/entities/-/entities-1.1.1.tgz",
      "integrity": "sha1-blwtClYhtdra7O+AuQ7ftc13cvA="
    },
    "extend": {
      "version": "3.0.1",
      "resolved": "http://snpm.cnsuning.com/extend/-/extend-3.0.1.tgz",
      "integrity": "sha1-p1Xqe8Gt/MWjHOfnYtuq3F5jZEQ="
    },
    "extsprintf": {
      "version": "1.0.2",
      "resolved": "http://snpm.cnsuning.com/extsprintf/-/extsprintf-1.0.2.tgz",
      "integrity": "sha1-4QgOBljjALBilJkMxw4VAiNf1VA="
    },
    "foreach": {
      "version": "2.0.5",
      "resolved": "http://snpm.cnsuning.com/foreach/-/foreach-2.0.5.tgz",
      "integrity": "sha1-C+4AUBiusmDQo6865ljdATbsG5k="
    },
    "forever-agent": {
      "version": "0.6.1",
      "resolved": "http://snpm.cnsuning.com/forever-agent/-/forever-agent-0.6.1.tgz",
      "integrity": "sha1-+8cfDEGt6zf5bFd60e1C2P2sypE="
    },
    "form-data": {
      "version": "2.1.4",
      "resolved": "http://snpm.cnsuning.com/form-data/-/form-data-2.1.4.tgz",
      "integrity": "sha1-M8GDrPGTJ27KqYFDpp6Uv+4XUNE="
    },
    "getpass": {
      "version": "0.1.7",
      "resolved": "http://snpm.cnsuning.com/getpass/-/getpass-0.1.7.tgz",
      "integrity": "sha1-Xv+OPmhNVprkyysSgmBOi6YhSfo=",
      "dependencies": {
        "assert-plus": {
          "version": "1.0.0",
          "resolved": "http://snpm.cnsuning.com/assert-plus/-/assert-plus-1.0.0.tgz",
          "integrity": "sha1-8S4PPF13sLHN2RRpQuTpbB5N1SU="
        }
      }
    },
    "har-schema": {
      "version": "1.0.5",
      "resolved": "http://snpm.cnsuning.com/har-schema/-/har-schema-1.0.5.tgz",
      "integrity": "sha1-0mMTX0MwfALGAq/I/pWXDAFRNp4="
    },
    "har-validator": {
      "version": "4.2.1",
      "resolved": "http://snpm.cnsuning.com/har-validator/-/har-validator-4.2.1.tgz",
      "integrity": "sha1-M0gdDxu/9gDdID11gSpqX7oALio="
    },
    "hawk": {
      "version": "3.1.3",
      "resolved": "http://snpm.cnsuning.com/hawk/-/hawk-3.1.3.tgz",
      "integrity": "sha1-B4REvXwWQLD+VA0sm3PVlnjo4cQ="
    },
    "hoek": {
      "version": "2.16.3",
      "resolved": "http://snpm.cnsuning.com/hoek/-/hoek-2.16.3.tgz",
      "integrity": "sha1-ILt0A9POo5jpHcRxCo/xuCdKJe0="
    },
    "htmlparser2": {
      "version": "3.9.2",
      "resolved": "http://snpm.cnsuning.com/htmlparser2/-/htmlparser2-3.9.2.tgz",
      "integrity": "sha1-G9+HrMoPP55T+k/M6w9LTLsAszg="
    },
    "http-signature": {
      "version": "1.1.1",
      "resolved": "http://snpm.cnsuning.com/http-signature/-/http-signature-1.1.1.tgz",
      "integrity": "sha1-33LiZwZs0Kxn+3at+OE0qPvPkb8="
    },
    "httpntlm": {
      "version": "1.6.1",
      "resolved": "http://snpm.cnsuning.com/httpntlm/-/httpntlm-1.6.1.tgz",
      "integrity": "sha1-rQFScUOi6Hc8+uapb1hla7UqNLI="
    },
    "httpreq": {
      "version": "0.4.24",
      "resolved": "http://snpm.cnsuning.com/httpreq/-/httpreq-0.4.24.tgz",
      "integrity": "sha1-QzX/2CzZaWaKOUZckprGHWOTYn8="
    },
    "iconv-lite": {
      "version": "0.4.15",
      "resolved": "http://snpm.cnsuning.com/iconv-lite/-/iconv-lite-0.4.15.tgz",
      "integrity": "sha1-/iZaIYrGpXz+hUkn6dBMGYJe3es="
    },
    "inherits": {
      "version": "2.0.3",
      "resolved": "http://snpm.cnsuning.com/inherits/-/inherits-2.0.3.tgz",
      "integrity": "sha1-Yzwsg+PaQqUC9SRmAiSA9CCCYd4="
    },
    "ip": {
      "version": "1.1.5",
      "resolved": "http://snpm.cnsuning.com/ip/-/ip-1.1.5.tgz",
      "integrity": "sha1-vd7XARQpCCjAoDnnLvJfWq7ENUo=",
      "optional": true
    },
    "is-nan": {
      "version": "1.2.1",
      "resolved": "http://snpm.cnsuning.com/is-nan/-/is-nan-1.2.1.tgz",
      "integrity": "sha1-n69ltvttskt/XAYoR16nH5iEAeI="
    },
    "is-typedarray": {
      "version": "1.0.0",
      "resolved": "http://snpm.cnsuning.com/is-typedarray/-/is-typedarray-1.0.0.tgz",
      "integrity": "sha1-5HnICFjfDBsR3dppQPlgEfzaSpo="
    },
    "isarray": {
      "version": "1.0.0",
      "resolved": "http://snpm.cnsuning.com/isarray/-/isarray-1.0.0.tgz",
      "integrity": "sha1-u5NdSFgsuhaMBoNJV6VKPgcSTxE="
    },
    "isstream": {
      "version": "0.1.2",
      "resolved": "http://snpm.cnsuning.com/isstream/-/isstream-0.1.2.tgz",
      "integrity": "sha1-R+Y/evVa+m+S4VAOaQ64uFKcCZo="
    },
    "jsbn": {
      "version": "0.1.1",
      "resolved": "http://snpm.cnsuning.com/jsbn/-/jsbn-0.1.1.tgz",
      "integrity": "sha1-peZUwuWi3rXyAdls77yoDA7y9RM=",
      "optional": true
    },
    "json-schema": {
      "version": "0.2.3",
      "resolved": "http://snpm.cnsuning.com/json-schema/-/json-schema-0.2.3.tgz",
      "integrity": "sha1-tIDIkuWaLwWVTOcnvT8qTogvnhM="
    },
    "json-stable-stringify": {
      "version": "1.0.1",
      "resolved": "http://snpm.cnsuning.com/json-stable-stringify/-/json-stable-stringify-1.0.1.tgz",
      "integrity": "sha1-mnWdOcXy/1A/1TAGRu1EX4jE+a8="
    },
    "json-stringify-safe": {
      "version": "5.0.1",
      "resolved": "http://snpm.cnsuning.com/json-stringify-safe/-/json-stringify-safe-5.0.1.tgz",
      "integrity": "sha1-Epai1Y/UXxmg9s4B1lcB4sc1tus="
    },
    "jsonify": {
      "version": "0.0.0",
      "resolved": "http://snpm.cnsuning.com/jsonify/-/jsonify-0.0.0.tgz",
      "integrity": "sha1-LHS27kHZPKUbe1qu6PUDYx0lKnM="
    },
    "jsprim": {
      "version": "1.4.0",
      "resolved": "http://snpm.cnsuning.com/jsprim/-/jsprim-1.4.0.tgz",
      "integrity": "sha1-o7h+QCmNjDgFUtjMdiigu5WiKRg=",
      "dependencies": {
        "assert-plus": {
          "version": "1.0.0",
          "resolved": "http://snpm.cnsuning.com/assert-plus/-/assert-plus-1.0.0.tgz",
          "integrity": "sha1-8S4PPF13sLHN2RRpQuTpbB5N1SU="
        }
      }
    },
    "libbase64": {
      "version": "0.1.0",
      "resolved": "http://snpm.cnsuning.com/libbase64/-/libbase64-0.1.0.tgz",
      "integrity": "sha1-YjUag5VjrF/1vSbxL2Dpgwu3UeY="
    },
    "libmime": {
      "version": "3.0.0",
      "resolved": "http://snpm.cnsuning.com/libmime/-/libmime-3.0.0.tgz",
      "integrity": "sha1-UaGp50SOy9Ms2lRCFnW7IbwJPaY="
    },
    "libqp": {
      "version": "1.1.0",
      "resolved": "http://snpm.cnsuning.com/libqp/-/libqp-1.1.0.tgz",
      "integrity": "sha1-9ebgatdLeU+1tbZpiL9yjvHe2+g="
    },
    "lodash": {
      "version": "4.17.4",
      "resolved": "http://snpm.cnsuning.com/lodash/-/lodash-4.17.4.tgz",
      "integrity": "sha1-eCA6TRwyiuHYbcpkYONptX9AVa4="
    },
    "log4js": {
      "version": "2.3.1",
      "resolved": "http://snpm.cnsuning.com/log4js/-/log4js-2.3.1.tgz",
      "integrity": "sha1-KI+Km+jH8xPJHVBfWslXQAUOEtI="
    },
    "long-timeout": {
      "version": "0.1.1",
      "resolved": "http://snpm.cnsuning.com/long-timeout/-/long-timeout-0.1.1.tgz",
      "integrity": "sha1-lyHXiLR+C8taJMLivuGg2lXatRQ="
    },
    "mailcomposer": {
      "version": "4.0.1",
      "resolved": "http://snpm.cnsuning.com/mailcomposer/-/mailcomposer-4.0.1.tgz",
      "integrity": "sha1-DhxEsqB890DuF9wUm6AJ8Zyt/rQ=",
      "optional": true
    },
    "mime-db": {
      "version": "1.29.0",
      "resolved": "http://snpm.cnsuning.com/mime-db/-/mime-db-1.29.0.tgz",
      "integrity": "sha1-SNJtI1WJZRcErFkWygYAGRQmaHg="
    },
    "mime-types": {
      "version": "2.1.16",
      "resolved": "http://snpm.cnsuning.com/mime-types/-/mime-types-2.1.16.tgz",
      "integrity": "sha1-K4WKUuXs1RbbiXrCvodIeDBpjiM="
    },
    "minimist": {
      "version": "0.0.8",
      "resolved": "http://snpm.cnsuning.com/minimist/-/minimist-0.0.8.tgz",
      "integrity": "sha1-hX/Kv8M5fSYluCKCYuhqp6ARsF0="
    },
    "mkdirp": {
      "version": "0.5.1",
      "resolved": "http://snpm.cnsuning.com/mkdirp/-/mkdirp-0.5.1.tgz",
      "integrity": "sha1-MAV0OOrGz3+MR2fzhkjWaX11yQM="
    },
    "moment": {
      "version": "2.18.1",
      "resolved": "http://snpm.cnsuning.com/moment/-/moment-2.18.1.tgz",
      "integrity": "sha1-w2GT3Tzhwu7SrbfIAtu8d6gbHA8="
    },
    "moment-timezone": {
      "version": "0.5.13",
      "resolved": "http://snpm.cnsuning.com/moment-timezone/-/moment-timezone-0.5.13.tgz",
      "integrity": "sha1-mc5cfYJyYusPH3AgRBd/YHRde5A="
    },
    "ms": {
      "version": "2.0.0",
      "resolved": "http://snpm.cnsuning.com/ms/-/ms-2.0.0.tgz",
      "integrity": "sha1-VgiurfwAvmwpAd9fmGF4jeDVl8g="
    },
    "node-schedule": {
      "version": "1.2.3",
      "resolved": "http://snpm.cnsuning.com/node-schedule/-/node-schedule-1.2.3.tgz",
      "integrity": "sha1-gCb5m9lEHbzInHZaYp52vApf550="
    },
    "nodemailer": {
      "version": "2.7.2",
      "resolved": "http://snpm.cnsuning.com/nodemailer/-/nodemailer-2.7.2.tgz",
      "integrity": "sha1-8kLmSa7q45tsftdA73sGHEBNMPk=",
      "optional": true
    },
    "nodemailer-direct-transport": {
      "version": "3.3.2",
      "resolved": "http://snpm.cnsuning.com/nodemailer-direct-transport/-/nodemailer-direct-transport-3.3.2.tgz",
      "integrity": "sha1-6W+vuQNYVglH5WkBfZfmBzilCoY=",
      "optional": true
    },
    "nodemailer-fetch": {
      "version": "1.6.0",
      "resolved": "http://snpm.cnsuning.com/nodemailer-fetch/-/nodemailer-fetch-1.6.0.tgz",
      "integrity": "sha1-ecSQihwPXzdbc/6IjamCj23JY6Q="
    },
    "nodemailer-shared": {
      "version": "1.1.0",
      "resolved": "http://snpm.cnsuning.com/nodemailer-shared/-/nodemailer-shared-1.1.0.tgz",
      "integrity": "sha1-z1mU4v0mjQD1zw+nZ6CBae2wfsA="
    },
    "nodemailer-smtp-pool": {
      "version": "2.8.2",
      "resolved": "http://snpm.cnsuning.com/nodemailer-smtp-pool/-/nodemailer-smtp-pool-2.8.2.tgz",
      "integrity": "sha1-LrlNbPhXgLG0clzoU7nL1ejajHI=",
      "optional": true
    },
    "nodemailer-smtp-transport": {
      "version": "2.7.2",
      "resolved": "http://snpm.cnsuning.com/nodemailer-smtp-transport/-/nodemailer-smtp-transport-2.7.2.tgz",
      "integrity": "sha1-A9ccdjFPFKx9vHvwM6am0W1n+3c=",
      "optional": true
    },
    "nodemailer-wellknown": {
      "version": "0.1.10",
      "resolved": "http://snpm.cnsuning.com/nodemailer-wellknown/-/nodemailer-wellknown-0.1.10.tgz",
      "integrity": "sha1-WG24EB2zDLRDjrVGc3pBqtDPE9U="
    },
    "nth-check": {
      "version": "1.0.1",
      "resolved": "http://snpm.cnsuning.com/nth-check/-/nth-check-1.0.1.tgz",
      "integrity": "sha1-mSms32KPwsQQmN6rgqxYDPFJquQ="
    },
    "oauth-sign": {
      "version": "0.8.2",
      "resolved": "http://snpm.cnsuning.com/oauth-sign/-/oauth-sign-0.8.2.tgz",
      "integrity": "sha1-Rqarfwrq2N6unsBWV4C31O/rnUM="
    },
    "object-keys": {
      "version": "1.0.11",
      "resolved": "http://snpm.cnsuning.com/object-keys/-/object-keys-1.0.11.tgz",
      "integrity": "sha1-xUYBd4rVYPEULODgG8yotW0TQm0="
    },
    "parse5": {
      "version": "3.0.2",
      "resolved": "http://snpm.cnsuning.com/parse5/-/parse5-3.0.2.tgz",
      "integrity": "sha1-Be/1fw70V3+xRKefi5qWemzERRA="
    },
    "performance-now": {
      "version": "0.2.0",
      "resolved": "http://snpm.cnsuning.com/performance-now/-/performance-now-0.2.0.tgz",
      "integrity": "sha1-M+8wxcd9TqIcWlOGnZG1bY8lVeU="
    },
    "process-nextick-args": {
      "version": "1.0.7",
      "resolved": "http://snpm.cnsuning.com/process-nextick-args/-/process-nextick-args-1.0.7.tgz",
      "integrity": "sha1-FQ4gt1ZZCtP5EJPyWk8q2L/zC6M="
    },
    "punycode": {
      "version": "1.4.1",
      "resolved": "http://snpm.cnsuning.com/punycode/-/punycode-1.4.1.tgz",
      "integrity": "sha1-wNWmOycYgArY4esPpSachN1BhF4="
    },
    "qs": {
      "version": "6.4.0",
      "resolved": "http://snpm.cnsuning.com/qs/-/qs-6.4.0.tgz",
      "integrity": "sha1-E+JtKK1rD/qpExLNO/cI7TUecjM="
    },
    "readable-stream": {
      "version": "2.3.3",
      "resolved": "http://snpm.cnsuning.com/readable-stream/-/readable-stream-2.3.3.tgz",
      "integrity": "sha1-No8lEtefnUb9/HE0mueHi7weuVw="
    },
    "request": {
      "version": "2.81.0",
      "resolved": "http://snpm.cnsuning.com/request/-/request-2.81.0.tgz",
      "integrity": "sha1-xpKJRqDgbF+Nb4qTM0af/aRimKA="
    },
    "safe-buffer": {
      "version": "5.1.1",
      "resolved": "http://snpm.cnsuning.com/safe-buffer/-/safe-buffer-5.1.1.tgz",
      "integrity": "sha1-iTMSr2myEj3vcfV4iQAWce6yyFM="
    },
    "semver": {
      "version": "5.4.1",
      "resolved": "http://snpm.cnsuning.com/semver/-/semver-5.4.1.tgz",
      "integrity": "sha1-4FnAnYVx8FQII3M0M1BdOi8AsY4="
    },
    "smart-buffer": {
      "version": "1.1.15",
      "resolved": "http://snpm.cnsuning.com/smart-buffer/-/smart-buffer-1.1.15.tgz",
      "integrity": "sha1-fxFLW2X6s+KjWqd1uxLw0cZJvxY=",
      "optional": true
    },
    "smtp-connection": {
      "version": "2.12.0",
      "resolved": "http://snpm.cnsuning.com/smtp-connection/-/smtp-connection-2.12.0.tgz",
      "integrity": "sha1-1275EnyyPCJZ7bHoNJwujV4tdME="
    },
    "sntp": {
      "version": "1.0.9",
      "resolved": "http://snpm.cnsuning.com/sntp/-/sntp-1.0.9.tgz",
      "integrity": "sha1-ZUEYTMkK7qbG57NeJlkIJEPGYZg="
    },
    "socks": {
      "version": "1.1.9",
      "resolved": "http://snpm.cnsuning.com/socks/-/socks-1.1.9.tgz",
      "integrity": "sha1-Yo1+TQSRJDVEWsC25Fk3bLPm1pE=",
      "optional": true
    },
    "sorted-array-functions": {
      "version": "1.0.0",
      "resolved": "http://snpm.cnsuning.com/sorted-array-functions/-/sorted-array-functions-1.0.0.tgz",
      "integrity": "sha1-wLVU2ecJr/y+VtNMGyUUGX/Tgnk="
    },
    "sshpk": {
      "version": "1.13.1",
      "resolved": "http://snpm.cnsuning.com/sshpk/-/sshpk-1.13.1.tgz",
      "integrity": "sha1-US322mKHFEMW3EwY/hzx2UBzm+M=",
      "dependencies": {
        "assert-plus": {
          "version": "1.0.0",
          "resolved": "http://snpm.cnsuning.com/assert-plus/-/assert-plus-1.0.0.tgz",
          "integrity": "sha1-8S4PPF13sLHN2RRpQuTpbB5N1SU="
        }
      }
    },
    "streamroller": {
      "version": "0.5.1",
      "resolved": "http://snpm.cnsuning.com/streamroller/-/streamroller-0.5.1.tgz",
      "integrity": "sha1-BlA/gZxDs/arRBN2OkI5NT5r06Q=",
      "dependencies": {
        "date-format": {
          "version": "0.0.0",
          "resolved": "http://snpm.cnsuning.com/date-format/-/date-format-0.0.0.tgz",
          "integrity": "sha1-CSBoY6sHDrRZrOpVQsvYVrEZZrM="
        },
        "debug": {
          "version": "0.7.4",
          "resolved": "http://snpm.cnsuning.com/debug/-/debug-0.7.4.tgz",
          "integrity": "sha1-BuHqgILCyxTjmAbiLi9vdX+Srzk="
        }
      }
    },
    "string_decoder": {
      "version": "1.0.3",
      "resolved": "http://snpm.cnsuning.com/string_decoder/-/string_decoder-1.0.3.tgz",
      "integrity": "sha1-D8Z9fBQYJd6UKC3VNr7GubzoYKs="
    },
    "stringstream": {
      "version": "0.0.5",
      "resolved": "http://snpm.cnsuning.com/stringstream/-/stringstream-0.0.5.tgz",
      "integrity": "sha1-TkhM1N5aC7vuGORjB3EKioFiGHg="
    },
    "tough-cookie": {
      "version": "2.3.2",
      "resolved": "http://snpm.cnsuning.com/tough-cookie/-/tough-cookie-2.3.2.tgz",
      "integrity": "sha1-8IH3bkyFcg5sN6X6ztc3FQ2EByo="
    },
    "tunnel-agent": {
      "version": "0.6.0",
      "resolved": "http://snpm.cnsuning.com/tunnel-agent/-/tunnel-agent-0.6.0.tgz",
      "integrity": "sha1-J6XeoGs2sEoKmWZ3SykIaPD8QP0="
    },
    "tweetnacl": {
      "version": "0.14.5",
      "resolved": "http://snpm.cnsuning.com/tweetnacl/-/tweetnacl-0.14.5.tgz",
      "integrity": "sha1-WuaBd/GS1EViadEIr6k/+HQ/T2Q=",
      "optional": true
    },
    "underscore": {
      "version": "1.7.0",
      "resolved": "http://snpm.cnsuning.com/underscore/-/underscore-1.7.0.tgz",
      "integrity": "sha1-a7rwh3UA02vjTsqlhODbn+8DUgk="
    },
    "util-deprecate": {
      "version": "1.0.2",
      "resolved": "http://snpm.cnsuning.com/util-deprecate/-/util-deprecate-1.0.2.tgz",
      "integrity": "sha1-RQ1Nyfpw3nMnYvvS1KKJgUGaDM8="
    },
    "uuid": {
      "version": "3.1.0",
      "resolved": "http://snpm.cnsuning.com/uuid/-/uuid-3.1.0.tgz",
      "integrity": "sha1-PdPT55Crwk17DToDT/q6vijrvAQ="
    },
    "verror": {
      "version": "1.3.6",
      "resolved": "http://snpm.cnsuning.com/verror/-/verror-1.3.6.tgz",
      "integrity": "sha1-z/XfEpRtKX0rqu+qJoniW+AcAFw="
    }
  }
}
